
Microsoft Visual Studio Solution File, Format Version 12.00
# Visual Studio 15
VisualStudioVersion = 15.0.27130.2003
MinimumVisualStudioVersion = 10.0.40219.1
Project("{FAE04EC0-301F-11D3-BF4B-00C04F79EFBC}") = "TemperatureStation.App.Android", "TemperatureStation.App\TemperatureStation.App.Android\TemperatureStation.App.Android.csproj", "{B4EAAFF0-BCE4-46DF-81EE-C3631809FF9F}"
EndProject
Project("{FAE04EC0-301F-11D3-BF4B-00C04F79EFBC}") = "TemperatureStation.App.iOS", "TemperatureStation.App\TemperatureStation.App.iOS\TemperatureStation.App.iOS.csproj", "{950B41DD-A851-41DF-A7E5-59DF7594D71D}"
EndProject
Project("{FAE04EC0-301F-11D3-BF4B-00C04F79EFBC}") = "TemperatureStation.App", "TemperatureStation.App\TemperatureStation.App\TemperatureStation.App.csproj", "{36163570-FB5C-47EA-BF75-409476CCE11F}"
EndProject
Global
	GlobalSection(SolutionConfigurationPlatforms) = preSolution
		Ad-Hoc|Any CPU = Ad-Hoc|Any CPU
		Ad-Hoc|iPhone = Ad-Hoc|iPhone
		Ad-Hoc|iPhoneSimulator = Ad-Hoc|iPhoneSimulator
		AppStore|Any CPU = AppStore|Any CPU
		AppStore|iPhone = AppStore|iPhone
		AppStore|iPhoneSimulator = AppStore|iPhoneSimulator
		Debug|Any CPU = Debug|Any CPU
		Debug|iPhone = Debug|iPhone
		Debug|iPhoneSimulator = Debug|iPhoneSimulator
		Release|Any CPU = Release|Any CPU
		Release|iPhone = Release|iPhone
		Release|iPhoneSimulator = Release|iPhoneSimulator
	EndGlobalSection
	GlobalSection(ProjectConfigurationPlatforms) = postSolution
		{B4EAAFF0-BCE4-46DF-81EE-C3631809FF9F}.Ad-Hoc|Any CPU.ActiveCfg = Release|Any CPU
		{B4EAAFF0-BCE4-46DF-81EE-C3631809FF9F}.Ad-Hoc|Any CPU.Build.0 = Release|Any CPU
		{B4EAAFF0-BCE4-46DF-81EE-C3631809FF9F}.Ad-Hoc|Any CPU.Deploy.0 = Release|Any CPU
		{B4EAAFF0-BCE4-46DF-81EE-C3631809FF9F}.Ad-Hoc|iPhone.ActiveCfg = Release|Any CPU
		{B4EAAFF0-BCE4-46DF-81EE-C3631809FF9F}.Ad-Hoc|iPhone.Build.0 = Release|Any CPU
		{B4EAAFF0-BCE4-46DF-81EE-C3631809FF9F}.Ad-Hoc|iPhone.Deploy.0 = Release|Any CPU
		{B4EAAFF0-BCE4-46DF-81EE-C3631809FF9F}.Ad-Hoc|iPhoneSimulator.ActiveCfg = Release|Any CPU
		{B4EAAFF0-BCE4-46DF-81EE-C3631809FF9F}.Ad-Hoc|iPhoneSimulator.Build.0 = Release|Any CPU
		{B4EAAFF0-BCE4-46DF-81EE-C3631809FF9F}.Ad-Hoc|iPhoneSimulator.Deploy.0 = Release|Any CPU
		{B4EAAFF0-BCE4-46DF-81EE-C3631809FF9F}.AppStore|Any CPU.ActiveCfg = Release|Any CPU
		{B4EAAFF0-BCE4-46DF-81EE-C3631809FF9F}.AppStore|Any CPU.Build.0 = Release|Any CPU
		{B4EAAFF0-BCE4-46DF-81EE-C3631809FF9F}.AppStore|Any CPU.Deploy.0 = Release|Any CPU
		{B4EAAFF0-BCE4-46DF-81EE-C3631809FF9F}.AppStore|iPhone.ActiveCfg = Release|Any CPU
		{B4EAAFF0-BCE4-46DF-81EE-C3631809FF9F}.AppStore|iPhone.Build.0 = Release|Any CPU
		{B4EAAFF0-BCE4-46DF-81EE-C3631809FF9F}.AppStore|iPhone.Deploy.0 = Release|Any CPU
		{B4EAAFF0-BCE4-46DF-81EE-C3631809FF9F}.AppStore|iPhoneSimulator.ActiveCfg = Release|Any CPU
		{B4EAAFF0-BCE4-46DF-81EE-C3631809FF9F}.AppStore|iPhoneSimulator.Build.0 = Release|Any CPU
		{B4EAAFF0-BCE4-46DF-81EE-C3631809FF9F}.AppStore|iPhoneSimulator.Deploy.0 = Release|Any CPU
		{B4EAAFF0-BCE4-46DF-81EE-C3631809FF9F}.Debug|Any CPU.ActiveCfg = Debug|Any CPU
		{B4EAAFF0-BCE4-46DF-81EE-C3631809FF9F}.Debug|Any CPU.Build.0 = Debug|Any CPU
		{B4EAAFF0-BCE4-46DF-81EE-C3631809FF9F}.Debug|Any CPU.Deploy.0 = Debug|Any CPU
		{B4EAAFF0-BCE4-46DF-81EE-C3631809FF9F}.Debug|iPhone.ActiveCfg = Debug|Any CPU
		{B4EAAFF0-BCE4-46DF-81EE-C3631809FF9F}.Debug|iPhone.Build.0 = Debug|Any CPU
		{B4EAAFF0-BCE4-46DF-81EE-C3631809FF9F}.Debug|iPhone.Deploy.0 = Debug|Any CPU
		{B4EAAFF0-BCE4-46DF-81EE-C3631809FF9F}.Debug|iPhoneSimulator.ActiveCfg = Debug|Any CPU
		{B4EAAFF0-BCE4-46DF-81EE-C3631809FF9F}.Debug|iPhoneSimulator.Build.0 = Debug|Any CPU
		{B4EAAFF0-BCE4-46DF-81EE-C3631809FF9F}.Debug|iPhoneSimulator.Deploy.0 = Debug|Any CPU
		{B4EAAFF0-BCE4-46DF-81EE-C3631809FF9F}.Release|Any CPU.ActiveCfg = Release|Any CPU
		{B4EAAFF0-BCE4-46DF-81EE-C3631809FF9F}.Release|Any CPU.Build.0 = Release|Any CPU
		{B4EAAFF0-BCE4-46DF-81EE-C3631809FF9F}.Release|Any CPU.Deploy.0 = Release|Any CPU
		{B4EAAFF0-BCE4-46DF-81EE-C3631809FF9F}.Release|iPhone.ActiveCfg = Release|Any CPU
		{B4EAAFF0-BCE4-46DF-81EE-C3631809FF9F}.Release|iPhone.Build.0 = Release|Any CPU
		{B4EAAFF0-BCE4-46DF-81EE-C3631809FF9F}.Release|iPhone.Deploy.0 = Release|Any CPU
		{B4EAAFF0-BCE4-46DF-81EE-C3631809FF9F}.Release|iPhoneSimulator.ActiveCfg = Release|Any CPU
		{B4EAAFF0-BCE4-46DF-81EE-C3631809FF9F}.Release|iPhoneSimulator.Build.0 = Release|Any CPU
		{B4EAAFF0-BCE4-46DF-81EE-C3631809FF9F}.Release|iPhoneSimulator.Deploy.0 = Release|Any CPU
		{950B41DD-A851-41DF-A7E5-59DF7594D71D}.Ad-Hoc|Any CPU.ActiveCfg = Ad-Hoc|iPhone
		{950B41DD-A851-41DF-A7E5-59DF7594D71D}.Ad-Hoc|iPhone.ActiveCfg = Ad-Hoc|iPhone
		{950B41DD-A851-41DF-A7E5-59DF7594D71D}.Ad-Hoc|iPhone.Build.0 = Ad-Hoc|iPhone
		{950B41DD-A851-41DF-A7E5-59DF7594D71D}.Ad-Hoc|iPhoneSimulator.ActiveCfg = Ad-Hoc|iPhoneSimulator
		{950B41DD-A851-41DF-A7E5-59DF7594D71D}.Ad-Hoc|iPhoneSimulator.Build.0 = Ad-Hoc|iPhoneSimulator
		{950B41DD-A851-41DF-A7E5-59DF7594D71D}.AppStore|Any CPU.ActiveCfg = AppStore|iPhone
		{950B41DD-A851-41DF-A7E5-59DF7594D71D}.AppStore|iPhone.ActiveCfg = AppStore|iPhone
		{950B41DD-A851-41DF-A7E5-59DF7594D71D}.AppStore|iPhone.Build.0 = AppStore|iPhone
		{950B41DD-A851-41DF-A7E5-59DF7594D71D}.AppStore|iPhoneSimulator.ActiveCfg = AppStore|iPhoneSimulator
		{950B41DD-A851-41DF-A7E5-59DF7594D71D}.AppStore|iPhoneSimulator.Build.0 = AppStore|iPhoneSimulator
		{950B41DD-A851-41DF-A7E5-59DF7594D71D}.Debug|Any CPU.ActiveCfg = Debug|iPhone
		{950B41DD-A851-41DF-A7E5-59DF7594D71D}.Debug|iPhone.ActiveCfg = Debug|iPhone
		{950B41DD-A851-41DF-A7E5-59DF7594D71D}.Debug|iPhone.Build.0 = Debug|iPhone
		{950B41DD-A851-41DF-A7E5-59DF7594D71D}.Debug|iPhoneSimulator.ActiveCfg = Debug|iPhoneSimulator
		{950B41DD-A851-41DF-A7E5-59DF7594D71D}.Debug|iPhoneSimulator.Build.0 = Debug|iPhoneSimulator
		{950B41DD-A851-41DF-A7E5-59DF7594D71D}.Release|Any CPU.ActiveCfg = Release|iPhone
		{950B41DD-A851-41DF-A7E5-59DF7594D71D}.Release|iPhone.ActiveCfg = Release|iPhone
		{950B41DD-A851-41DF-A7E5-59DF7594D71D}.Release|iPhone.Build.0 = Release|iPhone
		{950B41DD-A851-41DF-A7E5-59DF7594D71D}.Release|iPhoneSimulator.ActiveCfg = Release|iPhoneSimulator
		{950B41DD-A851-41DF-A7E5-59DF7594D71D}.Release|iPhoneSimulator.Build.0 = Release|iPhoneSimulator
		{36163570-FB5C-47EA-BF75-409476CCE11F}.Ad-Hoc|Any CPU.ActiveCfg = Debug|Any CPU
		{36163570-FB5C-47EA-BF75-409476CCE11F}.Ad-Hoc|Any CPU.Build.0 = Debug|Any CPU
		{36163570-FB5C-47EA-BF75-409476CCE11F}.Ad-Hoc|iPhone.ActiveCfg = Debug|Any CPU
		{36163570-FB5C-47EA-BF75-409476CCE11F}.Ad-Hoc|iPhone.Build.0 = Debug|Any CPU
		{36163570-FB5C-47EA-BF75-409476CCE11F}.Ad-Hoc|iPhoneSimulator.ActiveCfg = Debug|Any CPU
		{36163570-FB5C-47EA-BF75-409476CCE11F}.Ad-Hoc|iPhoneSimulator.Build.0 = Debug|Any CPU
		{36163570-FB5C-47EA-BF75-409476CCE11F}.AppStore|Any CPU.ActiveCfg = Debug|Any CPU
		{36163570-FB5C-47EA-BF75-409476CCE11F}.AppStore|Any CPU.Build.0 = Debug|Any CPU
		{36163570-FB5C-47EA-BF75-409476CCE11F}.AppStore|iPhone.ActiveCfg = Debug|Any CPU
		{36163570-FB5C-47EA-BF75-409476CCE11F}.AppStore|iPhone.Build.0 = Debug|Any CPU
		{36163570-FB5C-47EA-BF75-409476CCE11F}.AppStore|iPhoneSimulator.ActiveCfg = Debug|Any CPU
		{36163570-FB5C-47EA-BF75-409476CCE11F}.AppStore|iPhoneSimulator.Build.0 = Debug|Any CPU
		{36163570-FB5C-47EA-BF75-409476CCE11F}.Debug|Any CPU.ActiveCfg = Debug|Any CPU
		{36163570-FB5C-47EA-BF75-409476CCE11F}.Debug|Any CPU.Build.0 = Debug|Any CPU
		{36163570-FB5C-47EA-BF75-409476CCE11F}.Debug|iPhone.ActiveCfg = Debug|Any CPU
		{36163570-FB5C-47EA-BF75-409476CCE11F}.Debug|iPhone.Build.0 = Debug|Any CPU
		{36163570-FB5C-47EA-BF75-409476CCE11F}.Debug|iPhoneSimulator.ActiveCfg = Debug|Any CPU
		{36163570-FB5C-47EA-BF75-409476CCE11F}.Debug|iPhoneSimulator.Build.0 = Debug|Any CPU
		{36163570-FB5C-47EA-BF75-409476CCE11F}.Release|Any CPU.ActiveCfg = Release|Any CPU
		{36163570-FB5C-47EA-BF75-409476CCE11F}.Release|Any CPU.Build.0 = Release|Any CPU
		{36163570-FB5C-47EA-BF75-409476CCE11F}.Release|iPhone.ActiveCfg = Release|Any CPU
		{36163570-FB5C-47EA-BF75-409476CCE11F}.Release|iPhone.Build.0 = Release|Any CPU
		{36163570-FB5C-47EA-BF75-409476CCE11F}.Release|iPhoneSimulator.ActiveCfg = Release|Any CPU
		{36163570-FB5C-47EA-BF75-409476CCE11F}.Release|iPhoneSimulator.Build.0 = Release|Any CPU
	EndGlobalSection
	GlobalSection(SolutionProperties) = preSolution
		HideSolutionNode = FALSE
	EndGlobalSection
	GlobalSection(ExtensibilityGlobals) = postSolution
		SolutionGuid = {1279A00C-5125-4777-969E-E7D9DA8894E3}
	EndGlobalSection
EndGlobal
